{
  "name": "jsbdleetkit",
  "version": "0.0.0",
  "lockfileVersion": 3,
  "requires": true,
  "packages": {
    "": {
      "name": "jsbdleetkit",
      "version": "0.0.0",
      "license": "ISC",
      "workspaces": [
        "solution/*"
      ]
    },
    "node_modules/bdleetkit": {
      "resolved": "solution/bdleetkit",
      "link": true
    },
    "solution/bdleetkit": {
      "version": "1.0.0",
      "license": "ISC"
    }
  }
}
